
Microsoft Visual Studio Solution File, Format Version 12.00
# Visual Studio 15
Project("{FAE04EC0-301F-11D3-BF4B-00C04F79EFBC}") = "Oculus.Interaction.Editor", "Oculus.Interaction.Editor.csproj", "{CD17AD26-4291-A7CF-2C0E-BBC4526988BD}"
EndProject
Project("{FAE04EC0-301F-11D3-BF4B-00C04F79EFBC}") = "Meta.WitAi.Conduit", "Meta.WitAi.Conduit.csproj", "{E1B2B233-4C3D-D1DB-B8CE-926C9AE64E3A}"
EndProject
Project("{FAE04EC0-301F-11D3-BF4B-00C04F79EFBC}") = "ReadyPlayerMe", "ReadyPlayerMe.csproj", "{29610404-8E0B-B7DD-5787-B151E4288DB8}"
EndProject
Project("{FAE04EC0-301F-11D3-BF4B-00C04F79EFBC}") = "Oculus.VR", "Oculus.VR.csproj", "{1AD5DFCF-60E7-BC25-0F68-376019ABCC6B}"
EndProject
Project("{FAE04EC0-301F-11D3-BF4B-00C04F79EFBC}") = "Oculus.Interaction", "Oculus.Interaction.csproj", "{15B9793E-91A0-432D-C0D1-EF83EA4491FC}"
EndProject
Project("{FAE04EC0-301F-11D3-BF4B-00C04F79EFBC}") = "Meta.Voice.Samples.ShapesConduit", "Meta.Voice.Samples.ShapesConduit.csproj", "{97F8D5B8-D99B-8AB5-9D8C-877A5C4ADF3E}"
EndProject
Project("{FAE04EC0-301F-11D3-BF4B-00C04F79EFBC}") = "Meta.WitAi.Editor", "Meta.WitAi.Editor.csproj", "{F865186B-835F-9437-9476-FCC37A23A1A7}"
EndProject
Project("{FAE04EC0-301F-11D3-BF4B-00C04F79EFBC}") = "Oculus.Platform", "Oculus.Platform.csproj", "{B4F73C34-930A-AB51-8ECD-608337191172}"
EndProject
Project("{FAE04EC0-301F-11D3-BF4B-00C04F79EFBC}") = "VoiceSDK.Telemetry", "VoiceSDK.Telemetry.csproj", "{A2DCB7F8-7EEC-75E9-912F-9484494E45C1}"
EndProject
Project("{FAE04EC0-301F-11D3-BF4B-00C04F79EFBC}") = "Meta.WitAi.Conduit.Editor", "Meta.WitAi.Conduit.Editor.csproj", "{F3D4ED69-0145-C580-6383-AB0EE7284DFD}"
EndProject
Project("{FAE04EC0-301F-11D3-BF4B-00C04F79EFBC}") = "Meta.WitAi", "Meta.WitAi.csproj", "{E57AEA1F-B6FE-B643-C1C3-9DC17E045ADF}"
EndProject
Project("{FAE04EC0-301F-11D3-BF4B-00C04F79EFBC}") = "Oculus.Interaction.OVR.Samples", "Oculus.Interaction.OVR.Samples.csproj", "{DC515748-3D4C-909D-2476-42F7A79FDAF2}"
EndProject
Project("{FAE04EC0-301F-11D3-BF4B-00C04F79EFBC}") = "Assembly-CSharp", "Assembly-CSharp.csproj", "{BED93E57-C4B7-8FB7-B7D8-93E5B1B49495}"
EndProject
Project("{FAE04EC0-301F-11D3-BF4B-00C04F79EFBC}") = "Siccity.GLTFUtility", "Siccity.GLTFUtility.csproj", "{1D41C77B-3148-DA0D-1F8D-723AB54F5ECC}"
EndProject
Project("{FAE04EC0-301F-11D3-BF4B-00C04F79EFBC}") = "Meta.WitAi.Lib", "Meta.WitAi.Lib.csproj", "{22AE152B-E4BC-EE4E-43E5-B950639A0339}"
EndProject
Project("{FAE04EC0-301F-11D3-BF4B-00C04F79EFBC}") = "Oculus.VR.Editor", "Oculus.VR.Editor.csproj", "{0284923C-90B4-0BD3-8DB2-21973245315F}"
EndProject
Project("{FAE04EC0-301F-11D3-BF4B-00C04F79EFBC}") = "ReadyPlayerMe.Editor", "ReadyPlayerMe.Editor.csproj", "{9E074406-AF41-9D47-8221-A4CCCA74C751}"
EndProject
Project("{FAE04EC0-301F-11D3-BF4B-00C04F79EFBC}") = "Meta.Voice.Hub.Runtime", "Meta.Voice.Hub.Runtime.csproj", "{B6B3928A-6599-34C0-CCE9-A4CE22AC038E}"
EndProject
Project("{FAE04EC0-301F-11D3-BF4B-00C04F79EFBC}") = "Oculus.Interaction.OVR.Editor", "Oculus.Interaction.OVR.Editor.csproj", "{D53C402A-F8DF-F58A-1FB4-D8A753A63ED5}"
EndProject
Project("{FAE04EC0-301F-11D3-BF4B-00C04F79EFBC}") = "VoiceSDK.Dictation.Runtime", "VoiceSDK.Dictation.Runtime.csproj", "{B16B2A31-BB9E-29D4-529F-0597F52C0F0C}"
EndProject
Project("{FAE04EC0-301F-11D3-BF4B-00C04F79EFBC}") = "Oculus.LipSync", "Oculus.LipSync.csproj", "{7D00802D-B4AE-CAFA-EAAF-43D69A41517C}"
EndProject
Project("{FAE04EC0-301F-11D3-BF4B-00C04F79EFBC}") = "Oculus.Interaction.OVR", "Oculus.Interaction.OVR.csproj", "{DD6DB272-0CAD-7E1C-A349-99B3DA60BD47}"
EndProject
Project("{FAE04EC0-301F-11D3-BF4B-00C04F79EFBC}") = "Meta.WitAi.TTS.Samples", "Meta.WitAi.TTS.Samples.csproj", "{F685AD02-0F3E-A14D-3B12-22D7C1E5FD48}"
EndProject
Project("{FAE04EC0-301F-11D3-BF4B-00C04F79EFBC}") = "Meta.Voice.Hub.Editor", "Meta.Voice.Hub.Editor.csproj", "{9C468BD2-9B71-C301-047D-5B255B2F81D5}"
EndProject
Project("{FAE04EC0-301F-11D3-BF4B-00C04F79EFBC}") = "VoiceSDK.Editor", "VoiceSDK.Editor.csproj", "{793DE841-E056-350D-6AF5-A29FE8ABD379}"
EndProject
Project("{FAE04EC0-301F-11D3-BF4B-00C04F79EFBC}") = "WebView", "WebView.csproj", "{24E9E547-437E-BD62-0038-4072DD42D328}"
EndProject
Project("{FAE04EC0-301F-11D3-BF4B-00C04F79EFBC}") = "Meta.WitAI.Lib.Editor", "Meta.WitAI.Lib.Editor.csproj", "{033CB836-0BE5-43A6-1EB5-52F171DFB4AB}"
EndProject
Project("{FAE04EC0-301F-11D3-BF4B-00C04F79EFBC}") = "Oculus.Spatializer.Editor", "Oculus.Spatializer.Editor.csproj", "{DDF42544-BAF6-E77E-A75C-55A1DA17B0D7}"
EndProject
Project("{FAE04EC0-301F-11D3-BF4B-00C04F79EFBC}") = "Assembly-CSharp-Editor", "Assembly-CSharp-Editor.csproj", "{D74004E6-9CA4-6AE1-431B-77E02E9698BA}"
EndProject
Project("{FAE04EC0-301F-11D3-BF4B-00C04F79EFBC}") = "Meta.WitAi.TTS", "Meta.WitAi.TTS.csproj", "{75B2D7DC-29E0-CEBD-526A-CD1CAE3A1C3B}"
EndProject
Project("{FAE04EC0-301F-11D3-BF4B-00C04F79EFBC}") = "AssistantCoreSDKRuntime", "AssistantCoreSDKRuntime.csproj", "{F719DDAD-E25A-CD15-6003-04D155990045}"
EndProject
Project("{FAE04EC0-301F-11D3-BF4B-00C04F79EFBC}") = "Oculus.AudioManager", "Oculus.AudioManager.csproj", "{15F96394-C1C8-409E-5FEA-DBC7E6119334}"
EndProject
Project("{FAE04EC0-301F-11D3-BF4B-00C04F79EFBC}") = "VoiceSDK.Runtime", "VoiceSDK.Runtime.csproj", "{BD1622F4-7165-A682-B547-A3B2E71B71C0}"
EndProject
Project("{FAE04EC0-301F-11D3-BF4B-00C04F79EFBC}") = "Facebook.Wit.Dictation", "Facebook.Wit.Dictation.csproj", "{C50CAF34-D7AD-F6CD-86A4-EFDBE181E386}"
EndProject
Project("{FAE04EC0-301F-11D3-BF4B-00C04F79EFBC}") = "Meta.WitAi.TTS.Editor", "Meta.WitAi.TTS.Editor.csproj", "{29CE5448-BBE7-6514-FF0A-773CDA3D17F3}"
EndProject
Project("{FAE04EC0-301F-11D3-BF4B-00C04F79EFBC}") = "Meta.Voice.Samples.BuiltInTimer", "Meta.Voice.Samples.BuiltInTimer.csproj", "{B998EBFC-79A9-476C-5FB4-FA924B35D70D}"
EndProject
Project("{FAE04EC0-301F-11D3-BF4B-00C04F79EFBC}") = "Oculus.Platform.Editor", "Oculus.Platform.Editor.csproj", "{C92DFCA5-31B7-E52D-E9DA-F0DEB7488AF6}"
EndProject
Project("{FAE04EC0-301F-11D3-BF4B-00C04F79EFBC}") = "Meta.XR.BuildingBlocks.Editor", "Meta.XR.BuildingBlocks.Editor.csproj", "{FC590DDD-BA48-0659-3B10-BA50B275ACAF}"
EndProject
Project("{FAE04EC0-301F-11D3-BF4B-00C04F79EFBC}") = "Meta.Voice.Samples.TTSVoices", "Meta.Voice.Samples.TTSVoices.csproj", "{C42EE124-8521-77AF-71F9-333BC4340D14}"
EndProject
Project("{FAE04EC0-301F-11D3-BF4B-00C04F79EFBC}") = "Meta.Voice.VSDKHub.Editor", "Meta.Voice.VSDKHub.Editor.csproj", "{665561BF-6010-C334-7253-C634DF600145}"
EndProject
Project("{FAE04EC0-301F-11D3-BF4B-00C04F79EFBC}") = "Oculus.AudioManager.Audio.Editor", "Oculus.AudioManager.Audio.Editor.csproj", "{3D4DD0B7-A546-AE58-8DD1-406D90CCE24F}"
EndProject
Project("{FAE04EC0-301F-11D3-BF4B-00C04F79EFBC}") = "Meta.Voice.Samples.Chess", "Meta.Voice.Samples.Chess.csproj", "{3693C8FF-9921-49F4-06AC-154A0D4058B5}"
EndProject
Project("{FAE04EC0-301F-11D3-BF4B-00C04F79EFBC}") = "Oculus.VR.Scripts.Editor", "Oculus.VR.Scripts.Editor.csproj", "{415A5455-D932-0628-A13F-BD26F84D6D71}"
EndProject
Project("{FAE04EC0-301F-11D3-BF4B-00C04F79EFBC}") = "Meta.Voice.Samples.LightTraits", "Meta.Voice.Samples.LightTraits.csproj", "{3B320851-15DB-0B96-0905-FE0603CD60F9}"
EndProject
Project("{FAE04EC0-301F-11D3-BF4B-00C04F79EFBC}") = "Meta.Voice.Samples.Dictation", "Meta.Voice.Samples.Dictation.csproj", "{1CA5C118-10C9-9945-E39E-7653AC1C45F1}"
EndProject
Project("{FAE04EC0-301F-11D3-BF4B-00C04F79EFBC}") = "Meta.Voice.Samples.Shapes", "Meta.Voice.Samples.Shapes.csproj", "{3DDF4F96-4D12-24A6-62CB-770303F5D052}"
EndProject
Project("{FAE04EC0-301F-11D3-BF4B-00C04F79EFBC}") = "Oculus.Interaction.Samples.Editor", "Oculus.Interaction.Samples.Editor.csproj", "{35F3E09D-70C0-DE99-F8B1-1241D6F7AA92}"
EndProject
Project("{FAE04EC0-301F-11D3-BF4B-00C04F79EFBC}") = "Meta.XR.BuildingBlocks", "Meta.XR.BuildingBlocks.csproj", "{D8B83D23-8453-658A-1BD6-3B5784B42A3C}"
EndProject
Project("{FAE04EC0-301F-11D3-BF4B-00C04F79EFBC}") = "ReadyPlayerMe.Extras.Editor", "ReadyPlayerMe.Extras.Editor.csproj", "{31EC3AF2-E58C-D22F-E154-6032DE2774AF}"
EndProject
Project("{FAE04EC0-301F-11D3-BF4B-00C04F79EFBC}") = "Oculus.Spatializer", "Oculus.Spatializer.csproj", "{6A137FA2-EA34-C519-6C32-FD25461BE8C0}"
EndProject
Project("{FAE04EC0-301F-11D3-BF4B-00C04F79EFBC}") = "Oculus.LipSync.Editor", "Oculus.LipSync.Editor.csproj", "{21F1414B-D006-D331-C009-4873FEE6A43C}"
EndProject
Project("{FAE04EC0-301F-11D3-BF4B-00C04F79EFBC}") = "Oculus.AudioManager.Utils.Editor", "Oculus.AudioManager.Utils.Editor.csproj", "{37AD9720-CA2A-088C-BEA9-114100C5A35F}"
EndProject
Project("{FAE04EC0-301F-11D3-BF4B-00C04F79EFBC}") = "Meta.VoiceSDK.Mic.Common", "Meta.VoiceSDK.Mic.Common.csproj", "{36EC192B-9B46-0B31-ABE0-5671C77258F0}"
EndProject
Project("{FAE04EC0-301F-11D3-BF4B-00C04F79EFBC}") = "VoiceSDK.Dictation.Editor", "VoiceSDK.Dictation.Editor.csproj", "{3E0F693F-0E72-81FF-C7D2-FDD68A3CD104}"
EndProject
Project("{FAE04EC0-301F-11D3-BF4B-00C04F79EFBC}") = "Siccity.GLTFUtility.Editor", "Siccity.GLTFUtility.Editor.csproj", "{5405E298-440D-7504-DB09-64A383E74A34}"
EndProject
Project("{FAE04EC0-301F-11D3-BF4B-00C04F79EFBC}") = "Meta.VoiceSDK.Mic.Other", "Meta.VoiceSDK.Mic.Other.csproj", "{AD032A98-3A89-6EDF-51E1-CC6DAA6BA326}"
EndProject
Project("{FAE04EC0-301F-11D3-BF4B-00C04F79EFBC}") = "AssistantCoreSDKEditor", "AssistantCoreSDKEditor.csproj", "{8A52ABC4-5A1A-5F46-9550-9B06A730874F}"
EndProject
Project("{FAE04EC0-301F-11D3-BF4B-00C04F79EFBC}") = "Oculus.Interaction.InterfaceSupport", "Oculus.Interaction.InterfaceSupport.csproj", "{533C93D3-BB9F-248A-6831-C3F219CA9A16}"
EndProject
Project("{FAE04EC0-301F-11D3-BF4B-00C04F79EFBC}") = "Meta.Voice.Samples.LiveUnderstanding", "Meta.Voice.Samples.LiveUnderstanding.csproj", "{12687AA0-CF13-3709-1756-751B981F29C9}"
EndProject
Project("{FAE04EC0-301F-11D3-BF4B-00C04F79EFBC}") = "Facebook.Wit.Dictation.Editor", "Facebook.Wit.Dictation.Editor.csproj", "{67748991-2F91-CFF4-8F72-9B2D7F96AE19}"
EndProject
Project("{FAE04EC0-301F-11D3-BF4B-00C04F79EFBC}") = "Meta.VoiceSDK.Mic.WebGL", "Meta.VoiceSDK.Mic.WebGL.csproj", "{F0F6B71A-483B-4555-FB34-9EADAC6AEC1A}"
EndProject
Global
	GlobalSection(SolutionConfigurationPlatforms) = preSolution
		Debug|Any CPU = Debug|Any CPU
		Release|Any CPU = Release|Any CPU
	EndGlobalSection
	GlobalSection(ProjectConfigurationPlatforms) = postSolution
		{CD17AD26-4291-A7CF-2C0E-BBC4526988BD}.Debug|Any CPU.ActiveCfg = Debug|Any CPU
		{CD17AD26-4291-A7CF-2C0E-BBC4526988BD}.Debug|Any CPU.Build.0 = Debug|Any CPU
		{CD17AD26-4291-A7CF-2C0E-BBC4526988BD}.Release|Any CPU.ActiveCfg = Release|Any CPU
		{CD17AD26-4291-A7CF-2C0E-BBC4526988BD}.Release|Any CPU.Build.0 = Release|Any CPU
		{E1B2B233-4C3D-D1DB-B8CE-926C9AE64E3A}.Debug|Any CPU.ActiveCfg = Debug|Any CPU
		{E1B2B233-4C3D-D1DB-B8CE-926C9AE64E3A}.Debug|Any CPU.Build.0 = Debug|Any CPU
		{E1B2B233-4C3D-D1DB-B8CE-926C9AE64E3A}.Release|Any CPU.ActiveCfg = Release|Any CPU
		{E1B2B233-4C3D-D1DB-B8CE-926C9AE64E3A}.Release|Any CPU.Build.0 = Release|Any CPU
		{29610404-8E0B-B7DD-5787-B151E4288DB8}.Debug|Any CPU.ActiveCfg = Debug|Any CPU
		{29610404-8E0B-B7DD-5787-B151E4288DB8}.Debug|Any CPU.Build.0 = Debug|Any CPU
		{29610404-8E0B-B7DD-5787-B151E4288DB8}.Release|Any CPU.ActiveCfg = Release|Any CPU
		{29610404-8E0B-B7DD-5787-B151E4288DB8}.Release|Any CPU.Build.0 = Release|Any CPU
		{1AD5DFCF-60E7-BC25-0F68-376019ABCC6B}.Debug|Any CPU.ActiveCfg = Debug|Any CPU
		{1AD5DFCF-60E7-BC25-0F68-376019ABCC6B}.Debug|Any CPU.Build.0 = Debug|Any CPU
		{1AD5DFCF-60E7-BC25-0F68-376019ABCC6B}.Release|Any CPU.ActiveCfg = Release|Any CPU
		{1AD5DFCF-60E7-BC25-0F68-376019ABCC6B}.Release|Any CPU.Build.0 = Release|Any CPU
		{15B9793E-91A0-432D-C0D1-EF83EA4491FC}.Debug|Any CPU.ActiveCfg = Debug|Any CPU
		{15B9793E-91A0-432D-C0D1-EF83EA4491FC}.Debug|Any CPU.Build.0 = Debug|Any CPU
		{15B9793E-91A0-432D-C0D1-EF83EA4491FC}.Release|Any CPU.ActiveCfg = Release|Any CPU
		{15B9793E-91A0-432D-C0D1-EF83EA4491FC}.Release|Any CPU.Build.0 = Release|Any CPU
		{97F8D5B8-D99B-8AB5-9D8C-877A5C4ADF3E}.Debug|Any CPU.ActiveCfg = Debug|Any CPU
		{97F8D5B8-D99B-8AB5-9D8C-877A5C4ADF3E}.Debug|Any CPU.Build.0 = Debug|Any CPU
		{97F8D5B8-D99B-8AB5-9D8C-877A5C4ADF3E}.Release|Any CPU.ActiveCfg = Release|Any CPU
		{97F8D5B8-D99B-8AB5-9D8C-877A5C4ADF3E}.Release|Any CPU.Build.0 = Release|Any CPU
		{F865186B-835F-9437-9476-FCC37A23A1A7}.Debug|Any CPU.ActiveCfg = Debug|Any CPU
		{F865186B-835F-9437-9476-FCC37A23A1A7}.Debug|Any CPU.Build.0 = Debug|Any CPU
		{F865186B-835F-9437-9476-FCC37A23A1A7}.Release|Any CPU.ActiveCfg = Release|Any CPU
		{F865186B-835F-9437-9476-FCC37A23A1A7}.Release|Any CPU.Build.0 = Release|Any CPU
		{B4F73C34-930A-AB51-8ECD-608337191172}.Debug|Any CPU.ActiveCfg = Debug|Any CPU
		{B4F73C34-930A-AB51-8ECD-608337191172}.Debug|Any CPU.Build.0 = Debug|Any CPU
		{B4F73C34-930A-AB51-8ECD-608337191172}.Release|Any CPU.ActiveCfg = Release|Any CPU
		{B4F73C34-930A-AB51-8ECD-608337191172}.Release|Any CPU.Build.0 = Release|Any CPU
		{A2DCB7F8-7EEC-75E9-912F-9484494E45C1}.Debug|Any CPU.ActiveCfg = Debug|Any CPU
		{A2DCB7F8-7EEC-75E9-912F-9484494E45C1}.Debug|Any CPU.Build.0 = Debug|Any CPU
		{A2DCB7F8-7EEC-75E9-912F-9484494E45C1}.Release|Any CPU.ActiveCfg = Release|Any CPU
		{A2DCB7F8-7EEC-75E9-912F-9484494E45C1}.Release|Any CPU.Build.0 = Release|Any CPU
		{F3D4ED69-0145-C580-6383-AB0EE7284DFD}.Debug|Any CPU.ActiveCfg = Debug|Any CPU
		{F3D4ED69-0145-C580-6383-AB0EE7284DFD}.Debug|Any CPU.Build.0 = Debug|Any CPU
		{F3D4ED69-0145-C580-6383-AB0EE7284DFD}.Release|Any CPU.ActiveCfg = Release|Any CPU
		{F3D4ED69-0145-C580-6383-AB0EE7284DFD}.Release|Any CPU.Build.0 = Release|Any CPU
		{E57AEA1F-B6FE-B643-C1C3-9DC17E045ADF}.Debug|Any CPU.ActiveCfg = Debug|Any CPU
		{E57AEA1F-B6FE-B643-C1C3-9DC17E045ADF}.Debug|Any CPU.Build.0 = Debug|Any CPU
		{E57AEA1F-B6FE-B643-C1C3-9DC17E045ADF}.Release|Any CPU.ActiveCfg = Release|Any CPU
		{E57AEA1F-B6FE-B643-C1C3-9DC17E045ADF}.Release|Any CPU.Build.0 = Release|Any CPU
		{DC515748-3D4C-909D-2476-42F7A79FDAF2}.Debug|Any CPU.ActiveCfg = Debug|Any CPU
		{DC515748-3D4C-909D-2476-42F7A79FDAF2}.Debug|Any CPU.Build.0 = Debug|Any CPU
		{DC515748-3D4C-909D-2476-42F7A79FDAF2}.Release|Any CPU.ActiveCfg = Release|Any CPU
		{DC515748-3D4C-909D-2476-42F7A79FDAF2}.Release|Any CPU.Build.0 = Release|Any CPU
		{BED93E57-C4B7-8FB7-B7D8-93E5B1B49495}.Debug|Any CPU.ActiveCfg = Debug|Any CPU
		{BED93E57-C4B7-8FB7-B7D8-93E5B1B49495}.Debug|Any CPU.Build.0 = Debug|Any CPU
		{BED93E57-C4B7-8FB7-B7D8-93E5B1B49495}.Release|Any CPU.ActiveCfg = Release|Any CPU
		{BED93E57-C4B7-8FB7-B7D8-93E5B1B49495}.Release|Any CPU.Build.0 = Release|Any CPU
		{1D41C77B-3148-DA0D-1F8D-723AB54F5ECC}.Debug|Any CPU.ActiveCfg = Debug|Any CPU
		{1D41C77B-3148-DA0D-1F8D-723AB54F5ECC}.Debug|Any CPU.Build.0 = Debug|Any CPU
		{1D41C77B-3148-DA0D-1F8D-723AB54F5ECC}.Release|Any CPU.ActiveCfg = Release|Any CPU
		{1D41C77B-3148-DA0D-1F8D-723AB54F5ECC}.Release|Any CPU.Build.0 = Release|Any CPU
		{22AE152B-E4BC-EE4E-43E5-B950639A0339}.Debug|Any CPU.ActiveCfg = Debug|Any CPU
		{22AE152B-E4BC-EE4E-43E5-B950639A0339}.Debug|Any CPU.Build.0 = Debug|Any CPU
		{22AE152B-E4BC-EE4E-43E5-B950639A0339}.Release|Any CPU.ActiveCfg = Release|Any CPU
		{22AE152B-E4BC-EE4E-43E5-B950639A0339}.Release|Any CPU.Build.0 = Release|Any CPU
		{0284923C-90B4-0BD3-8DB2-21973245315F}.Debug|Any CPU.ActiveCfg = Debug|Any CPU
		{0284923C-90B4-0BD3-8DB2-21973245315F}.Debug|Any CPU.Build.0 = Debug|Any CPU
		{0284923C-90B4-0BD3-8DB2-21973245315F}.Release|Any CPU.ActiveCfg = Release|Any CPU
		{0284923C-90B4-0BD3-8DB2-21973245315F}.Release|Any CPU.Build.0 = Release|Any CPU
		{9E074406-AF41-9D47-8221-A4CCCA74C751}.Debug|Any CPU.ActiveCfg = Debug|Any CPU
		{9E074406-AF41-9D47-8221-A4CCCA74C751}.Debug|Any CPU.Build.0 = Debug|Any CPU
		{9E074406-AF41-9D47-8221-A4CCCA74C751}.Release|Any CPU.ActiveCfg = Release|Any CPU
		{9E074406-AF41-9D47-8221-A4CCCA74C751}.Release|Any CPU.Build.0 = Release|Any CPU
		{B6B3928A-6599-34C0-CCE9-A4CE22AC038E}.Debug|Any CPU.ActiveCfg = Debug|Any CPU
		{B6B3928A-6599-34C0-CCE9-A4CE22AC038E}.Debug|Any CPU.Build.0 = Debug|Any CPU
		{B6B3928A-6599-34C0-CCE9-A4CE22AC038E}.Release|Any CPU.ActiveCfg = Release|Any CPU
		{B6B3928A-6599-34C0-CCE9-A4CE22AC038E}.Release|Any CPU.Build.0 = Release|Any CPU
		{D53C402A-F8DF-F58A-1FB4-D8A753A63ED5}.Debug|Any CPU.ActiveCfg = Debug|Any CPU
		{D53C402A-F8DF-F58A-1FB4-D8A753A63ED5}.Debug|Any CPU.Build.0 = Debug|Any CPU
		{D53C402A-F8DF-F58A-1FB4-D8A753A63ED5}.Release|Any CPU.ActiveCfg = Release|Any CPU
		{D53C402A-F8DF-F58A-1FB4-D8A753A63ED5}.Release|Any CPU.Build.0 = Release|Any CPU
		{B16B2A31-BB9E-29D4-529F-0597F52C0F0C}.Debug|Any CPU.ActiveCfg = Debug|Any CPU
		{B16B2A31-BB9E-29D4-529F-0597F52C0F0C}.Debug|Any CPU.Build.0 = Debug|Any CPU
		{B16B2A31-BB9E-29D4-529F-0597F52C0F0C}.Release|Any CPU.ActiveCfg = Release|Any CPU
		{B16B2A31-BB9E-29D4-529F-0597F52C0F0C}.Release|Any CPU.Build.0 = Release|Any CPU
		{7D00802D-B4AE-CAFA-EAAF-43D69A41517C}.Debug|Any CPU.ActiveCfg = Debug|Any CPU
		{7D00802D-B4AE-CAFA-EAAF-43D69A41517C}.Debug|Any CPU.Build.0 = Debug|Any CPU
		{7D00802D-B4AE-CAFA-EAAF-43D69A41517C}.Release|Any CPU.ActiveCfg = Release|Any CPU
		{7D00802D-B4AE-CAFA-EAAF-43D69A41517C}.Release|Any CPU.Build.0 = Release|Any CPU
		{DD6DB272-0CAD-7E1C-A349-99B3DA60BD47}.Debug|Any CPU.ActiveCfg = Debug|Any CPU
		{DD6DB272-0CAD-7E1C-A349-99B3DA60BD47}.Debug|Any CPU.Build.0 = Debug|Any CPU
		{DD6DB272-0CAD-7E1C-A349-99B3DA60BD47}.Release|Any CPU.ActiveCfg = Release|Any CPU
		{DD6DB272-0CAD-7E1C-A349-99B3DA60BD47}.Release|Any CPU.Build.0 = Release|Any CPU
		{F685AD02-0F3E-A14D-3B12-22D7C1E5FD48}.Debug|Any CPU.ActiveCfg = Debug|Any CPU
		{F685AD02-0F3E-A14D-3B12-22D7C1E5FD48}.Debug|Any CPU.Build.0 = Debug|Any CPU
		{F685AD02-0F3E-A14D-3B12-22D7C1E5FD48}.Release|Any CPU.ActiveCfg = Release|Any CPU
		{F685AD02-0F3E-A14D-3B12-22D7C1E5FD48}.Release|Any CPU.Build.0 = Release|Any CPU
		{9C468BD2-9B71-C301-047D-5B255B2F81D5}.Debug|Any CPU.ActiveCfg = Debug|Any CPU
		{9C468BD2-9B71-C301-047D-5B255B2F81D5}.Debug|Any CPU.Build.0 = Debug|Any CPU
		{9C468BD2-9B71-C301-047D-5B255B2F81D5}.Release|Any CPU.ActiveCfg = Release|Any CPU
		{9C468BD2-9B71-C301-047D-5B255B2F81D5}.Release|Any CPU.Build.0 = Release|Any CPU
		{793DE841-E056-350D-6AF5-A29FE8ABD379}.Debug|Any CPU.ActiveCfg = Debug|Any CPU
		{793DE841-E056-350D-6AF5-A29FE8ABD379}.Debug|Any CPU.Build.0 = Debug|Any CPU
		{793DE841-E056-350D-6AF5-A29FE8ABD379}.Release|Any CPU.ActiveCfg = Release|Any CPU
		{793DE841-E056-350D-6AF5-A29FE8ABD379}.Release|Any CPU.Build.0 = Release|Any CPU
		{24E9E547-437E-BD62-0038-4072DD42D328}.Debug|Any CPU.ActiveCfg = Debug|Any CPU
		{24E9E547-437E-BD62-0038-4072DD42D328}.Debug|Any CPU.Build.0 = Debug|Any CPU
		{24E9E547-437E-BD62-0038-4072DD42D328}.Release|Any CPU.ActiveCfg = Release|Any CPU
		{24E9E547-437E-BD62-0038-4072DD42D328}.Release|Any CPU.Build.0 = Release|Any CPU
		{033CB836-0BE5-43A6-1EB5-52F171DFB4AB}.Debug|Any CPU.ActiveCfg = Debug|Any CPU
		{033CB836-0BE5-43A6-1EB5-52F171DFB4AB}.Debug|Any CPU.Build.0 = Debug|Any CPU
		{033CB836-0BE5-43A6-1EB5-52F171DFB4AB}.Release|Any CPU.ActiveCfg = Release|Any CPU
		{033CB836-0BE5-43A6-1EB5-52F171DFB4AB}.Release|Any CPU.Build.0 = Release|Any CPU
		{DDF42544-BAF6-E77E-A75C-55A1DA17B0D7}.Debug|Any CPU.ActiveCfg = Debug|Any CPU
		{DDF42544-BAF6-E77E-A75C-55A1DA17B0D7}.Debug|Any CPU.Build.0 = Debug|Any CPU
		{DDF42544-BAF6-E77E-A75C-55A1DA17B0D7}.Release|Any CPU.ActiveCfg = Release|Any CPU
		{DDF42544-BAF6-E77E-A75C-55A1DA17B0D7}.Release|Any CPU.Build.0 = Release|Any CPU
		{D74004E6-9CA4-6AE1-431B-77E02E9698BA}.Debug|Any CPU.ActiveCfg = Debug|Any CPU
		{D74004E6-9CA4-6AE1-431B-77E02E9698BA}.Debug|Any CPU.Build.0 = Debug|Any CPU
		{D74004E6-9CA4-6AE1-431B-77E02E9698BA}.Release|Any CPU.ActiveCfg = Release|Any CPU
		{D74004E6-9CA4-6AE1-431B-77E02E9698BA}.Release|Any CPU.Build.0 = Release|Any CPU
		{75B2D7DC-29E0-CEBD-526A-CD1CAE3A1C3B}.Debug|Any CPU.ActiveCfg = Debug|Any CPU
		{75B2D7DC-29E0-CEBD-526A-CD1CAE3A1C3B}.Debug|Any CPU.Build.0 = Debug|Any CPU
		{75B2D7DC-29E0-CEBD-526A-CD1CAE3A1C3B}.Release|Any CPU.ActiveCfg = Release|Any CPU
		{75B2D7DC-29E0-CEBD-526A-CD1CAE3A1C3B}.Release|Any CPU.Build.0 = Release|Any CPU
		{F719DDAD-E25A-CD15-6003-04D155990045}.Debug|Any CPU.ActiveCfg = Debug|Any CPU
		{F719DDAD-E25A-CD15-6003-04D155990045}.Debug|Any CPU.Build.0 = Debug|Any CPU
		{F719DDAD-E25A-CD15-6003-04D155990045}.Release|Any CPU.ActiveCfg = Release|Any CPU
		{F719DDAD-E25A-CD15-6003-04D155990045}.Release|Any CPU.Build.0 = Release|Any CPU
		{15F96394-C1C8-409E-5FEA-DBC7E6119334}.Debug|Any CPU.ActiveCfg = Debug|Any CPU
		{15F96394-C1C8-409E-5FEA-DBC7E6119334}.Debug|Any CPU.Build.0 = Debug|Any CPU
		{15F96394-C1C8-409E-5FEA-DBC7E6119334}.Release|Any CPU.ActiveCfg = Release|Any CPU
		{15F96394-C1C8-409E-5FEA-DBC7E6119334}.Release|Any CPU.Build.0 = Release|Any CPU
		{BD1622F4-7165-A682-B547-A3B2E71B71C0}.Debug|Any CPU.ActiveCfg = Debug|Any CPU
		{BD1622F4-7165-A682-B547-A3B2E71B71C0}.Debug|Any CPU.Build.0 = Debug|Any CPU
		{BD1622F4-7165-A682-B547-A3B2E71B71C0}.Release|Any CPU.ActiveCfg = Release|Any CPU
		{BD1622F4-7165-A682-B547-A3B2E71B71C0}.Release|Any CPU.Build.0 = Release|Any CPU
		{C50CAF34-D7AD-F6CD-86A4-EFDBE181E386}.Debug|Any CPU.ActiveCfg = Debug|Any CPU
		{C50CAF34-D7AD-F6CD-86A4-EFDBE181E386}.Debug|Any CPU.Build.0 = Debug|Any CPU
		{C50CAF34-D7AD-F6CD-86A4-EFDBE181E386}.Release|Any CPU.ActiveCfg = Release|Any CPU
		{C50CAF34-D7AD-F6CD-86A4-EFDBE181E386}.Release|Any CPU.Build.0 = Release|Any CPU
		{29CE5448-BBE7-6514-FF0A-773CDA3D17F3}.Debug|Any CPU.ActiveCfg = Debug|Any CPU
		{29CE5448-BBE7-6514-FF0A-773CDA3D17F3}.Debug|Any CPU.Build.0 = Debug|Any CPU
		{29CE5448-BBE7-6514-FF0A-773CDA3D17F3}.Release|Any CPU.ActiveCfg = Release|Any CPU
		{29CE5448-BBE7-6514-FF0A-773CDA3D17F3}.Release|Any CPU.Build.0 = Release|Any CPU
		{B998EBFC-79A9-476C-5FB4-FA924B35D70D}.Debug|Any CPU.ActiveCfg = Debug|Any CPU
		{B998EBFC-79A9-476C-5FB4-FA924B35D70D}.Debug|Any CPU.Build.0 = Debug|Any CPU
		{B998EBFC-79A9-476C-5FB4-FA924B35D70D}.Release|Any CPU.ActiveCfg = Release|Any CPU
		{B998EBFC-79A9-476C-5FB4-FA924B35D70D}.Release|Any CPU.Build.0 = Release|Any CPU
		{C92DFCA5-31B7-E52D-E9DA-F0DEB7488AF6}.Debug|Any CPU.ActiveCfg = Debug|Any CPU
		{C92DFCA5-31B7-E52D-E9DA-F0DEB7488AF6}.Debug|Any CPU.Build.0 = Debug|Any CPU
		{C92DFCA5-31B7-E52D-E9DA-F0DEB7488AF6}.Release|Any CPU.ActiveCfg = Release|Any CPU
		{C92DFCA5-31B7-E52D-E9DA-F0DEB7488AF6}.Release|Any CPU.Build.0 = Release|Any CPU
		{FC590DDD-BA48-0659-3B10-BA50B275ACAF}.Debug|Any CPU.ActiveCfg = Debug|Any CPU
		{FC590DDD-BA48-0659-3B10-BA50B275ACAF}.Debug|Any CPU.Build.0 = Debug|Any CPU
		{FC590DDD-BA48-0659-3B10-BA50B275ACAF}.Release|Any CPU.ActiveCfg = Release|Any CPU
		{FC590DDD-BA48-0659-3B10-BA50B275ACAF}.Release|Any CPU.Build.0 = Release|Any CPU
		{C42EE124-8521-77AF-71F9-333BC4340D14}.Debug|Any CPU.ActiveCfg = Debug|Any CPU
		{C42EE124-8521-77AF-71F9-333BC4340D14}.Debug|Any CPU.Build.0 = Debug|Any CPU
		{C42EE124-8521-77AF-71F9-333BC4340D14}.Release|Any CPU.ActiveCfg = Release|Any CPU
		{C42EE124-8521-77AF-71F9-333BC4340D14}.Release|Any CPU.Build.0 = Release|Any CPU
		{665561BF-6010-C334-7253-C634DF600145}.Debug|Any CPU.ActiveCfg = Debug|Any CPU
		{665561BF-6010-C334-7253-C634DF600145}.Debug|Any CPU.Build.0 = Debug|Any CPU
		{665561BF-6010-C334-7253-C634DF600145}.Release|Any CPU.ActiveCfg = Release|Any CPU
		{665561BF-6010-C334-7253-C634DF600145}.Release|Any CPU.Build.0 = Release|Any CPU
		{3D4DD0B7-A546-AE58-8DD1-406D90CCE24F}.Debug|Any CPU.ActiveCfg = Debug|Any CPU
		{3D4DD0B7-A546-AE58-8DD1-406D90CCE24F}.Debug|Any CPU.Build.0 = Debug|Any CPU
		{3D4DD0B7-A546-AE58-8DD1-406D90CCE24F}.Release|Any CPU.ActiveCfg = Release|Any CPU
		{3D4DD0B7-A546-AE58-8DD1-406D90CCE24F}.Release|Any CPU.Build.0 = Release|Any CPU
		{3693C8FF-9921-49F4-06AC-154A0D4058B5}.Debug|Any CPU.ActiveCfg = Debug|Any CPU
		{3693C8FF-9921-49F4-06AC-154A0D4058B5}.Debug|Any CPU.Build.0 = Debug|Any CPU
		{3693C8FF-9921-49F4-06AC-154A0D4058B5}.Release|Any CPU.ActiveCfg = Release|Any CPU
		{3693C8FF-9921-49F4-06AC-154A0D4058B5}.Release|Any CPU.Build.0 = Release|Any CPU
		{415A5455-D932-0628-A13F-BD26F84D6D71}.Debug|Any CPU.ActiveCfg = Debug|Any CPU
		{415A5455-D932-0628-A13F-BD26F84D6D71}.Debug|Any CPU.Build.0 = Debug|Any CPU
		{415A5455-D932-0628-A13F-BD26F84D6D71}.Release|Any CPU.ActiveCfg = Release|Any CPU
		{415A5455-D932-0628-A13F-BD26F84D6D71}.Release|Any CPU.Build.0 = Release|Any CPU
		{3B320851-15DB-0B96-0905-FE0603CD60F9}.Debug|Any CPU.ActiveCfg = Debug|Any CPU
		{3B320851-15DB-0B96-0905-FE0603CD60F9}.Debug|Any CPU.Build.0 = Debug|Any CPU
		{3B320851-15DB-0B96-0905-FE0603CD60F9}.Release|Any CPU.ActiveCfg = Release|Any CPU
		{3B320851-15DB-0B96-0905-FE0603CD60F9}.Release|Any CPU.Build.0 = Release|Any CPU
		{1CA5C118-10C9-9945-E39E-7653AC1C45F1}.Debug|Any CPU.ActiveCfg = Debug|Any CPU
		{1CA5C118-10C9-9945-E39E-7653AC1C45F1}.Debug|Any CPU.Build.0 = Debug|Any CPU
		{1CA5C118-10C9-9945-E39E-7653AC1C45F1}.Release|Any CPU.ActiveCfg = Release|Any CPU
		{1CA5C118-10C9-9945-E39E-7653AC1C45F1}.Release|Any CPU.Build.0 = Release|Any CPU
		{3DDF4F96-4D12-24A6-62CB-770303F5D052}.Debug|Any CPU.ActiveCfg = Debug|Any CPU
		{3DDF4F96-4D12-24A6-62CB-770303F5D052}.Debug|Any CPU.Build.0 = Debug|Any CPU
		{3DDF4F96-4D12-24A6-62CB-770303F5D052}.Release|Any CPU.ActiveCfg = Release|Any CPU
		{3DDF4F96-4D12-24A6-62CB-770303F5D052}.Release|Any CPU.Build.0 = Release|Any CPU
		{35F3E09D-70C0-DE99-F8B1-1241D6F7AA92}.Debug|Any CPU.ActiveCfg = Debug|Any CPU
		{35F3E09D-70C0-DE99-F8B1-1241D6F7AA92}.Debug|Any CPU.Build.0 = Debug|Any CPU
		{35F3E09D-70C0-DE99-F8B1-1241D6F7AA92}.Release|Any CPU.ActiveCfg = Release|Any CPU
		{35F3E09D-70C0-DE99-F8B1-1241D6F7AA92}.Release|Any CPU.Build.0 = Release|Any CPU
		{D8B83D23-8453-658A-1BD6-3B5784B42A3C}.Debug|Any CPU.ActiveCfg = Debug|Any CPU
		{D8B83D23-8453-658A-1BD6-3B5784B42A3C}.Debug|Any CPU.Build.0 = Debug|Any CPU
		{D8B83D23-8453-658A-1BD6-3B5784B42A3C}.Release|Any CPU.ActiveCfg = Release|Any CPU
		{D8B83D23-8453-658A-1BD6-3B5784B42A3C}.Release|Any CPU.Build.0 = Release|Any CPU
		{31EC3AF2-E58C-D22F-E154-6032DE2774AF}.Debug|Any CPU.ActiveCfg = Debug|Any CPU
		{31EC3AF2-E58C-D22F-E154-6032DE2774AF}.Debug|Any CPU.Build.0 = Debug|Any CPU
		{31EC3AF2-E58C-D22F-E154-6032DE2774AF}.Release|Any CPU.ActiveCfg = Release|Any CPU
		{31EC3AF2-E58C-D22F-E154-6032DE2774AF}.Release|Any CPU.Build.0 = Release|Any CPU
		{6A137FA2-EA34-C519-6C32-FD25461BE8C0}.Debug|Any CPU.ActiveCfg = Debug|Any CPU
		{6A137FA2-EA34-C519-6C32-FD25461BE8C0}.Debug|Any CPU.Build.0 = Debug|Any CPU
		{6A137FA2-EA34-C519-6C32-FD25461BE8C0}.Release|Any CPU.ActiveCfg = Release|Any CPU
		{6A137FA2-EA34-C519-6C32-FD25461BE8C0}.Release|Any CPU.Build.0 = Release|Any CPU
		{21F1414B-D006-D331-C009-4873FEE6A43C}.Debug|Any CPU.ActiveCfg = Debug|Any CPU
		{21F1414B-D006-D331-C009-4873FEE6A43C}.Debug|Any CPU.Build.0 = Debug|Any CPU
		{21F1414B-D006-D331-C009-4873FEE6A43C}.Release|Any CPU.ActiveCfg = Release|Any CPU
		{21F1414B-D006-D331-C009-4873FEE6A43C}.Release|Any CPU.Build.0 = Release|Any CPU
		{37AD9720-CA2A-088C-BEA9-114100C5A35F}.Debug|Any CPU.ActiveCfg = Debug|Any CPU
		{37AD9720-CA2A-088C-BEA9-114100C5A35F}.Debug|Any CPU.Build.0 = Debug|Any CPU
		{37AD9720-CA2A-088C-BEA9-114100C5A35F}.Release|Any CPU.ActiveCfg = Release|Any CPU
		{37AD9720-CA2A-088C-BEA9-114100C5A35F}.Release|Any CPU.Build.0 = Release|Any CPU
		{36EC192B-9B46-0B31-ABE0-5671C77258F0}.Debug|Any CPU.ActiveCfg = Debug|Any CPU
		{36EC192B-9B46-0B31-ABE0-5671C77258F0}.Debug|Any CPU.Build.0 = Debug|Any CPU
		{36EC192B-9B46-0B31-ABE0-5671C77258F0}.Release|Any CPU.ActiveCfg = Release|Any CPU
		{36EC192B-9B46-0B31-ABE0-5671C77258F0}.Release|Any CPU.Build.0 = Release|Any CPU
		{3E0F693F-0E72-81FF-C7D2-FDD68A3CD104}.Debug|Any CPU.ActiveCfg = Debug|Any CPU
		{3E0F693F-0E72-81FF-C7D2-FDD68A3CD104}.Debug|Any CPU.Build.0 = Debug|Any CPU
		{3E0F693F-0E72-81FF-C7D2-FDD68A3CD104}.Release|Any CPU.ActiveCfg = Release|Any CPU
		{3E0F693F-0E72-81FF-C7D2-FDD68A3CD104}.Release|Any CPU.Build.0 = Release|Any CPU
		{5405E298-440D-7504-DB09-64A383E74A34}.Debug|Any CPU.ActiveCfg = Debug|Any CPU
		{5405E298-440D-7504-DB09-64A383E74A34}.Debug|Any CPU.Build.0 = Debug|Any CPU
		{5405E298-440D-7504-DB09-64A383E74A34}.Release|Any CPU.ActiveCfg = Release|Any CPU
		{5405E298-440D-7504-DB09-64A383E74A34}.Release|Any CPU.Build.0 = Release|Any CPU
		{AD032A98-3A89-6EDF-51E1-CC6DAA6BA326}.Debug|Any CPU.ActiveCfg = Debug|Any CPU
		{AD032A98-3A89-6EDF-51E1-CC6DAA6BA326}.Debug|Any CPU.Build.0 = Debug|Any CPU
		{AD032A98-3A89-6EDF-51E1-CC6DAA6BA326}.Release|Any CPU.ActiveCfg = Release|Any CPU
		{AD032A98-3A89-6EDF-51E1-CC6DAA6BA326}.Release|Any CPU.Build.0 = Release|Any CPU
		{8A52ABC4-5A1A-5F46-9550-9B06A730874F}.Debug|Any CPU.ActiveCfg = Debug|Any CPU
		{8A52ABC4-5A1A-5F46-9550-9B06A730874F}.Debug|Any CPU.Build.0 = Debug|Any CPU
		{8A52ABC4-5A1A-5F46-9550-9B06A730874F}.Release|Any CPU.ActiveCfg = Release|Any CPU
		{8A52ABC4-5A1A-5F46-9550-9B06A730874F}.Release|Any CPU.Build.0 = Release|Any CPU
		{533C93D3-BB9F-248A-6831-C3F219CA9A16}.Debug|Any CPU.ActiveCfg = Debug|Any CPU
		{533C93D3-BB9F-248A-6831-C3F219CA9A16}.Debug|Any CPU.Build.0 = Debug|Any CPU
		{533C93D3-BB9F-248A-6831-C3F219CA9A16}.Release|Any CPU.ActiveCfg = Release|Any CPU
		{533C93D3-BB9F-248A-6831-C3F219CA9A16}.Release|Any CPU.Build.0 = Release|Any CPU
		{12687AA0-CF13-3709-1756-751B981F29C9}.Debug|Any CPU.ActiveCfg = Debug|Any CPU
		{12687AA0-CF13-3709-1756-751B981F29C9}.Debug|Any CPU.Build.0 = Debug|Any CPU
		{12687AA0-CF13-3709-1756-751B981F29C9}.Release|Any CPU.ActiveCfg = Release|Any CPU
		{12687AA0-CF13-3709-1756-751B981F29C9}.Release|Any CPU.Build.0 = Release|Any CPU
		{67748991-2F91-CFF4-8F72-9B2D7F96AE19}.Debug|Any CPU.ActiveCfg = Debug|Any CPU
		{67748991-2F91-CFF4-8F72-9B2D7F96AE19}.Debug|Any CPU.Build.0 = Debug|Any CPU
		{67748991-2F91-CFF4-8F72-9B2D7F96AE19}.Release|Any CPU.ActiveCfg = Release|Any CPU
		{67748991-2F91-CFF4-8F72-9B2D7F96AE19}.Release|Any CPU.Build.0 = Release|Any CPU
		{F0F6B71A-483B-4555-FB34-9EADAC6AEC1A}.Debug|Any CPU.ActiveCfg = Debug|Any CPU
		{F0F6B71A-483B-4555-FB34-9EADAC6AEC1A}.Debug|Any CPU.Build.0 = Debug|Any CPU
		{F0F6B71A-483B-4555-FB34-9EADAC6AEC1A}.Release|Any CPU.ActiveCfg = Release|Any CPU
		{F0F6B71A-483B-4555-FB34-9EADAC6AEC1A}.Release|Any CPU.Build.0 = Release|Any CPU
	EndGlobalSection
	GlobalSection(SolutionProperties) = preSolution
		HideSolutionNode = FALSE
	EndGlobalSection
EndGlobal
